// !$*UTF8*$!
{
	archiveVersion = 1;
	classes = {
	};
	objectVersion = 46;
	objects = {

/* Begin PBXBuildFile section */
		31252EE31E6DA5F4009E362B /* 04CollectionTypes.swift in Sources */ = {isa = PBXBuildFile; fileRef = 31252EE21E6DA5F4009E362B /* 04CollectionTypes.swift */; };
		31C49DF61E3F931B009EF85C /* main.swift in Sources */ = {isa = PBXBuildFile; fileRef = 31C49DF51E3F931B009EF85C /* main.swift */; };
		31C49DFD1E3F984C009EF85C /* 01Basics.swift in Sources */ = {isa = PBXBuildFile; fileRef = 31C49DFC1E3F984C009EF85C /* 01Basics.swift */; };
		31C49DFF1E40F510009EF85C /* 02BasicOperators.swift in Sources */ = {isa = PBXBuildFile; fileRef = 31C49DFE1E40F510009EF85C /* 02BasicOperators.swift */; };
		31C49E011E40FA80009EF85C /* 03StringsAndCharacters.swift in Sources */ = {isa = PBXBuildFile; fileRef = 31C49E001E40FA80009EF85C /* 03StringsAndCharacters.swift */; };
/* End PBXBuildFile section */

/* Begin PBXCopyFilesBuildPhase section */
		31C49DF01E3F931B009EF85C /* CopyFiles */ = {
			isa = PBXCopyFilesBuildPhase;
			buildActionMask = 2147483647;
			dstPath = /usr/share/man/man1/;
			dstSubfolderSpec = 0;
			files = (
			);
			runOnlyForDeploymentPostprocessing = 1;
		};
/* End PBXCopyFilesBuildPhase section */

/* Begin PBXFileReference section */
		31252EE21E6DA5F4009E362B /* 04CollectionTypes.swift */ = {isa = PBXFileReference; fileEncoding = 4; lastKnownFileType = sourcecode.swift; path = 04CollectionTypes.swift; sourceTree = "<group>"; };
		31C49DF21E3F931B009EF85C /* Swift3Tutorial */ = {isa = PBXFileReference; explicitFileType = "compiled.mach-o.executable"; includeInIndex = 0; path = Swift3Tutorial; sourceTree = BUILT_PRODUCTS_DIR; };
		31C49DF51E3F931B009EF85C /* main.swift */ = {isa = PBXFileReference; lastKnownFileType = sourcecode.swift; path = main.swift; sourceTree = "<group>"; };
		31C49DFC1E3F984C009EF85C /* 01Basics.swift */ = {isa = PBXFileReference; fileEncoding = 4; lastKnownFileType = sourcecode.swift; path = 01Basics.swift; sourceTree = "<group>"; };
		31C49DFE1E40F510009EF85C /* 02BasicOperators.swift */ = {isa = PBXFileReference; fileEncoding = 4; lastKnownFileType = sourcecode.swift; path = 02BasicOperators.swift; sourceTree = "<group>"; };
		31C49E001E40FA80009EF85C /* 03StringsAndCharacters.swift */ = {isa = PBXFileReference; fileEncoding = 4; lastKnownFileType = sourcecode.swift; path = 03StringsAndCharacters.swift; sourceTree = "<group>"; };
/* End PBXFileReference section */

/* Begin PBXFrameworksBuildPhase section */
		31C49DEF1E3F931B009EF85C /* Frameworks */ = {
			isa = PBXFrameworksBuildPhase;
			buildActionMask = 2147483647;
			files = (
			);
			runOnlyForDeploymentPostprocessing = 0;
		};
/* End PBXFrameworksBuildPhase section */

/* Begin PBXGroup section */
		31C49DE91E3F931B009EF85C = {
			isa = PBXGroup;
			children = (
				31252EE21E6DA5F4009E362B /* 04CollectionTypes.swift */,
				31C49E001E40FA80009EF85C /* 03StringsAndCharacters.swift */,
				31C49DFE1E40F510009EF85C /* 02BasicOperators.swift */,
				31C49DFC1E3F984C009EF85C /* 01Basics.swift */,
				31C49DF41E3F931B009EF85C /* Swift3Tutorial */,
				31C49DF31E3F931B009EF85C /* Products */,
			);
			sourceTree = "<group>";
		};
		31C49DF31E3F931B009EF85C /* Products */ = {
			isa = PBXGroup;
			children = (
				31C49DF21E3F931B009EF85C /* Swift3Tutorial */,
			);
			name = Products;
			sourceTree = "<group>";
		};
		31C49DF41E3F931B009EF85C /* Swift3Tutorial */ = {
			isa = PBXGroup;
			children = (
				31C49DF51E3F931B009EF85C /* main.swift */,
			);
			path = Swift3Tutorial;
			sourceTree = "<group>";
		};
/* End PBXGroup section */

/* Begin PBXNativeTarget section */
		31C49DF11E3F931B009EF85C /* Swift3Tutorial */ = {
			isa = PBXNativeTarget;
			buildConfigurationList = 31C49DF91E3F931B009EF85C /* Build configuration list for PBXNativeTarget "Swift3Tutorial" */;
			buildPhases = (
				31C49DEE1E3F931B009EF85C /* Sources */,
				31C49DEF1E3F931B009EF85C /* Frameworks */,
				31C49DF01E3F931B009EF85C /* CopyFiles */,
			);
			buildRules = (
			);
			dependencies = (
			);
			name = Swift3Tutorial;
			productName = Swift3Tutorial;
			productReference = 31C49DF21E3F931B009EF85C /* Swift3Tutorial */;
			productType = "com.apple.product-type.tool";
		};
/* End PBXNativeTarget section */

/* Begin PBXProject section */
		31C49DEA1E3F931B009EF85C /* Project object */ = {
			isa = PBXProject;
			attributes = {
				LastSwiftUpdateCheck = 0820;
				LastUpgradeCheck = 0820;
				ORGANIZATIONNAME = daoquan;
				TargetAttributes = {
					31C49DF11E3F931B009EF85C = {
						CreatedOnToolsVersion = 8.2.1;
						ProvisioningStyle = Automatic;
					};
				};
			};
			buildConfigurationList = 31C49DED1E3F931B009EF85C /* Build configuration list for PBXProject "Swift3Tutorial" */;
			compatibilityVersion = "Xcode 3.2";
			developmentRegion = English;
			hasScannedForEncodings = 0;
			knownRegions = (
				en,
			);
			mainGroup = 31C49DE91E3F931B009EF85C;
			productRefGroup = 31C49DF31E3F931B009EF85C /* Products */;
			projectDirPath = "";
			projectRoot = "";
			targets = (
				31C49DF11E3F931B009EF85C /* Swift3Tutorial */,
			);
		};
/* End PBXProject section */

/* Begin PBXSourcesBuildPhase section */
		31C49DEE1E3F931B009EF85C /* Sources */ = {
			isa = PBXSourcesBuildPhase;
			buildActionMask = 2147483647;
			files = (
				31252EE31E6DA5F4009E362B /* 04CollectionTypes.swift in Sources */,
				31C49DFD1E3F984C009EF85C /* 01Basics.swift in Sources */,
				31C49DF61E3F931B009EF85C /* main.swift in Sources */,
				31C49DFF1E40F510009EF85C /* 02BasicOperators.swift in Sources */,
				31C49E011E40FA80009EF85C /* 03StringsAndCharacters.swift in Sources */,
			);
			runOnlyForDeploymentPostprocessing = 0;
		};
/* End PBXSourcesBuildPhase section */

/* Begin XCBuildConfiguration section */
		31C49DF71E3F931B009EF85C /* Debug */ = {
			isa = XCBuildConfiguration;
			buildSettings = {
				ALWAYS_SEARCH_USER_PATHS = NO;
				CLANG_ANALYZER_NONNULL = YES;
				CLANG_CXX_LANGUAGE_STANDARD = "gnu++0x";
				CLANG_CXX_LIBRARY = "libc++";
				CLANG_ENABLE_MODULES = YES;
				CLANG_ENABLE_OBJC_ARC = YES;
				CLANG_WARN_BOOL_CONVERSION = YES;
				CLANG_WARN_CONSTANT_CONVERSION = YES;
				CLANG_WARN_DIRECT_OBJC_ISA_USAGE = YES_ERROR;
				CLANG_WARN_DOCUMENTATION_COMMENTS = YES;
				CLANG_WARN_EMPTY_BODY = YES;
				CLANG_WARN_ENUM_CONVERSION = YES;
				CLANG_WARN_INFINITE_RECURSION = YES;
				CLANG_WARN_INT_CONVERSION = YES;
				CLANG_WARN_OBJC_ROOT_CLASS = YES_ERROR;
				CLANG_WARN_SUSPICIOUS_MOVE = YES;
				CLANG_WARN_UNREACHABLE_CODE = YES;
				CLANG_WARN__DUPLICATE_METHOD_MATCH = YES;
				CODE_SIGN_IDENTITY = "-";
				COPY_PHASE_STRIP = NO;
				DEBUG_INFORMATION_FORMAT = dwarf;
				ENABLE_STRICT_OBJC_MSGSEND = YES;
				ENABLE_TESTABILITY = YES;
				GCC_C_LANGUAGE_STANDARD = gnu99;
				GCC_DYNAMIC_NO_PIC = NO;
				GCC_NO_COMMON_BLOCKS = YES;
				GCC_OPTIMIZATION_LEVEL = 0;
				GCC_PREPROCESSOR_DEFINITIONS = (
					"DEBUG=1",
					"$(inherited)",
				);
				GCC_WARN_64_TO_32_BIT_CONVERSION = YES;
				GCC_WARN_ABOUT_RETURN_TYPE = YES_ERROR;
				GCC_WARN_UNDECLARED_SELECTOR = YES;
				GCC_WARN_UNINITIALIZED_AUTOS = YES_AGGRESSIVE;
				GCC_WARN_UNUSED_FUNCTION = YES;
				GCC_WARN_UNUSED_VARIABLE = YES;
				MACOSX_DEPLOYMENT_TARGET = 10.12;
				MTL_ENABLE_DEBUG_INFO = YES;
				ONLY_ACTIVE_ARCH = YES;
				SDKROOT = macosx;
				SWIFT_OPTIMIZATION_LEVEL = "-Onone";
			};
			name = Debug;
		};
		31C49DF81E3F931B009EF85C /* Release */ = {
			isa = XCBuildConfiguration;
			buildSettings = {
				ALWAYS_SEARCH_USER_PATHS = NO;
				CLANG_ANALYZER_NONNULL = YES;
				CLANG_CXX_LANGUAGE_STANDARD = "gnu++0x";
				CLANG_CXX_LIBRARY = "libc++";
				CLANG_ENABLE_MODULES = YES;
				CLANG_ENABLE_OBJC_ARC = YES;
				CLANG_WARN_BOOL_CONVERSION = YES;
				CLANG_WARN_CONSTANT_CONVERSION = YES;
				CLANG_WARN_DIRECT_OBJC_ISA_USAGE = YES_ERROR;
				CLANG_WARN_DOCUMENTATION_COMMENTS = YES;
				CLANG_WARN_EMPTY_BODY = YES;
				CLANG_WARN_ENUM_CONVERSION = YES;
				CLANG_WARN_INFINITE_RECURSION = YES;
				CLANG_WARN_INT_CONVERSION = YES;
				CLANG_WARN_OBJC_ROOT_CLASS = YES_ERROR;
				CLANG_WARN_SUSPICIOUS_MOVE = YES;
				CLANG_WARN_UNREACHABLE_CODE = YES;
				CLANG_WARN__DUPLICATE_METHOD_MATCH = YES;
				CODE_SIGN_IDENTITY = "-";
				COPY_PHASE_STRIP = NO;
				DEBUG_INFORMATION_FORMAT = "dwarf-with-dsym";
				ENABLE_NS_ASSERTIONS = NO;
				ENABLE_STRICT_OBJC_MSGSEND = YES;
				GCC_C_LANGUAGE_STANDARD = gnu99;
				GCC_NO_COMMON_BLOCKS = YES;
				GCC_WARN_64_TO_32_BIT_CONVERSION = YES;
				GCC_WARN_ABOUT_RETURN_TYPE = YES_ERROR;
				GCC_WARN_UNDECLARED_SELECTOR = YES;
				GCC_WARN_UNINITIALIZED_AUTOS = YES_AGGRESSIVE;
				GCC_WARN_UNUSED_FUNCTION = YES;
				GCC_WARN_UNUSED_VARIABLE = YES;
				MACOSX_DEPLOYMENT_TARGET = 10.12;
				MTL_ENABLE_DEBUG_INFO = NO;
				SDKROOT = macosx;
			};
			name = Release;
		};
		31C49DFA1E3F931B009EF85C /* Debug */ = {
			isa = XCBuildConfiguration;
			buildSettings = {
				PRODUCT_NAME = "$(TARGET_NAME)";
				SWIFT_VERSION = 3.0;
			};
			name = Debug;
		};
		31C49DFB1E3F931B009EF85C /* Release */ = {
			isa = XCBuildConfiguration;
			buildSettings = {
				PRODUCT_NAME = "$(TARGET_NAME)";
				SWIFT_VERSION = 3.0;
			};
			name = Release;
		};
/* End XCBuildConfiguration section */

/* Begin XCConfigurationList section */
		31C49DED1E3F931B009EF85C /* Build configuration list for PBXProject "Swift3Tutorial" */ = {
			isa = XCConfigurationList;
			buildConfigurations = (
				31C49DF71E3F931B009EF85C /* Debug */,
				31C49DF81E3F931B009EF85C /* Release */,
			);
			defaultConfigurationIsVisible = 0;
			defaultConfigurationName = Release;
		};
		31C49DF91E3F931B009EF85C /* Build configuration list for PBXNativeTarget "Swift3Tutorial" */ = {
			isa = XCConfigurationList;
			buildConfigurations = (
				31C49DFA1E3F931B009EF85C /* Debug */,
				31C49DFB1E3F931B009EF85C /* Release */,
			);
			defaultConfigurationIsVisible = 0;
			defaultConfigurationName = Release;
		};
/* End XCConfigurationList section */
	};
	rootObject = 31C49DEA1E3F931B009EF85C /* Project object */;
}
