// !$*UTF8*$!
{
	archiveVersion = 1;
	classes = {
	};
	objectVersion = 46;
	objects = {

/* Begin PBXBuildFile section */
		1B245E19231BEB260091726B /* 28Math.swift in Sources */ = {isa = PBXBuildFile; fileRef = 1B245E18231BEB260091726B /* 28Math.swift */; };
		2EFCE8838122E95143E8A08D /* swift5.swift in Sources */ = {isa = PBXBuildFile; fileRef = 2EFCE6D8192079F14BD30CEE /* swift5.swift */; };
		310409371FDEB213008FB0C1 /* GCDBySwift.swift in Sources */ = {isa = PBXBuildFile; fileRef = 310409361FDEB213008FB0C1 /* GCDBySwift.swift */; };
		31116B721E90E7480011DC3A /* 14Initialization.swift in Sources */ = {isa = PBXBuildFile; fileRef = 31116B711E90E7480011DC3A /* 14Initialization.swift */; };
		31116B741E9101D90011DC3A /* 15Deinitialization.swift in Sources */ = {isa = PBXBuildFile; fileRef = 31116B731E9101D90011DC3A /* 15Deinitialization.swift */; };
		31116B761E91027C0011DC3A /* 16AutomaticReferenceCounting.swift in Sources */ = {isa = PBXBuildFile; fileRef = 31116B751E91027C0011DC3A /* 16AutomaticReferenceCounting.swift */; };
		311DBCBC1E8BE8FF00EF9732 /* 09ClassAndStruct.swift in Sources */ = {isa = PBXBuildFile; fileRef = 311DBCBB1E8BE8FF00EF9732 /* 09ClassAndStruct.swift */; };
		311DBCBE1E8BEBC800EF9732 /* 10Properties.swift in Sources */ = {isa = PBXBuildFile; fileRef = 311DBCBD1E8BEBC800EF9732 /* 10Properties.swift */; };
		311DBCC01E8C87F700EF9732 /* 11Methods.swift in Sources */ = {isa = PBXBuildFile; fileRef = 311DBCBF1E8C87F700EF9732 /* 11Methods.swift */; };
		31252EE31E6DA5F4009E362B /* 04CollectionTypes.swift in Sources */ = {isa = PBXBuildFile; fileRef = 31252EE21E6DA5F4009E362B /* 04CollectionTypes.swift */; };
		31468DE51E91102000E7B40C /* 17OptionalChaining.swift in Sources */ = {isa = PBXBuildFile; fileRef = 31468DE41E91102000E7B40C /* 17OptionalChaining.swift */; };
		31468DE71E93E92300E7B40C /* 18ErrorHandling.swift in Sources */ = {isa = PBXBuildFile; fileRef = 31468DE61E93E92300E7B40C /* 18ErrorHandling.swift */; };
		31468DE91E94787700E7B40C /* 19TypeCasting.swift in Sources */ = {isa = PBXBuildFile; fileRef = 31468DE81E94787700E7B40C /* 19TypeCasting.swift */; };
		31468DEB1E947F7A00E7B40C /* 20NestedTypes.swift in Sources */ = {isa = PBXBuildFile; fileRef = 31468DEA1E947F7A00E7B40C /* 20NestedTypes.swift */; };
		31468DED1E9480E100E7B40C /* 21Extensions.swift in Sources */ = {isa = PBXBuildFile; fileRef = 31468DEC1E9480E100E7B40C /* 21Extensions.swift */; };
		31468DEF1E94886300E7B40C /* 22Protocols.swift in Sources */ = {isa = PBXBuildFile; fileRef = 31468DEE1E94886300E7B40C /* 22Protocols.swift */; };
		31468DF11E95045600E7B40C /* 23Generics.swift in Sources */ = {isa = PBXBuildFile; fileRef = 31468DF01E95045600E7B40C /* 23Generics.swift */; };
		31468DF31E951C7100E7B40C /* 24AccessControl.swift in Sources */ = {isa = PBXBuildFile; fileRef = 31468DF21E951C7100E7B40C /* 24AccessControl.swift */; };
		31468DF51E95C7B400E7B40C /* 25AdvancedOperators.swift in Sources */ = {isa = PBXBuildFile; fileRef = 31468DF41E95C7B400E7B40C /* 25AdvancedOperators.swift */; };
		3155F3211FEB8B90008DA10F /* SequenceAdvance.swift in Sources */ = {isa = PBXBuildFile; fileRef = 3155F3201FEB8B90008DA10F /* SequenceAdvance.swift */; };
		3155F3231FF266C5008DA10F /* OptionalAdvance.swift in Sources */ = {isa = PBXBuildFile; fileRef = 3155F3221FF266C5008DA10F /* OptionalAdvance.swift */; };
		3157480B1E8DDBB2008FF38E /* 12Subscripts.swift in Sources */ = {isa = PBXBuildFile; fileRef = 3157480A1E8DDBB2008FF38E /* 12Subscripts.swift */; };
		316678161E87B4F0004B899B /* 08Enumerations.swift in Sources */ = {isa = PBXBuildFile; fileRef = 316678151E87B4F0004B899B /* 08Enumerations.swift */; };
		3182F40D1E7B630600EC33B2 /* 07Closures.swift in Sources */ = {isa = PBXBuildFile; fileRef = 3182F40C1E7B630600EC33B2 /* 07Closures.swift */; };
		318747451E6E388300729D7A /* 05ControlFlow.swift in Sources */ = {isa = PBXBuildFile; fileRef = 318747441E6E388300729D7A /* 05ControlFlow.swift */; };
		31972C951E776D3A00AABEDB /* 06Functions.swift in Sources */ = {isa = PBXBuildFile; fileRef = 31972C941E776D3A00AABEDB /* 06Functions.swift */; };
		31B6F2EE211BDDBB00899A9A /* StructClassAdvance.swift in Sources */ = {isa = PBXBuildFile; fileRef = 31B6F2ED211BDDBB00899A9A /* StructClassAdvance.swift */; };
		31B6F2F0211C0D1F00899A9A /* CodableAdvance.swift in Sources */ = {isa = PBXBuildFile; fileRef = 31B6F2EF211C0D1F00899A9A /* CodableAdvance.swift */; };
		31B6F2F2211C172000899A9A /* FuncAdvance.swift in Sources */ = {isa = PBXBuildFile; fileRef = 31B6F2F1211C172000899A9A /* FuncAdvance.swift */; };
		31B6F2F4211C346300899A9A /* 27CollectionLazy.swift in Sources */ = {isa = PBXBuildFile; fileRef = 31B6F2F3211C346300899A9A /* 27CollectionLazy.swift */; };
		31B6F2F6211C35BB00899A9A /* StringAdvance.swift in Sources */ = {isa = PBXBuildFile; fileRef = 31B6F2F5211C35BB00899A9A /* StringAdvance.swift */; };
		31C49DF61E3F931B009EF85C /* main.swift in Sources */ = {isa = PBXBuildFile; fileRef = 31C49DF51E3F931B009EF85C /* main.swift */; };
		31C49DFD1E3F984C009EF85C /* 01Basics.swift in Sources */ = {isa = PBXBuildFile; fileRef = 31C49DFC1E3F984C009EF85C /* 01Basics.swift */; };
		31C49DFF1E40F510009EF85C /* 02BasicOperators.swift in Sources */ = {isa = PBXBuildFile; fileRef = 31C49DFE1E40F510009EF85C /* 02BasicOperators.swift */; };
		31C49E011E40FA80009EF85C /* 03StringsAndCharacters.swift in Sources */ = {isa = PBXBuildFile; fileRef = 31C49E001E40FA80009EF85C /* 03StringsAndCharacters.swift */; };
		31DD5B0B1E8DDE8700A720EF /* 13Inheritence.swift in Sources */ = {isa = PBXBuildFile; fileRef = 31DD5B0A1E8DDE8600A720EF /* 13Inheritence.swift */; };
		31E8118C1EC4459E00930169 /* 26GuardTest.swift in Sources */ = {isa = PBXBuildFile; fileRef = 31E8118B1EC4459E00930169 /* 26GuardTest.swift */; };
		31FEC0451FEA4DD000F715AA /* CollectionAdvance.swift in Sources */ = {isa = PBXBuildFile; fileRef = 31FEC0441FEA4DD000F715AA /* CollectionAdvance.swift */; };
		51C5397D2316700200438091 /* ClassMemeryTest.swift in Sources */ = {isa = PBXBuildFile; fileRef = 51C5397C2316700100438091 /* ClassMemeryTest.swift */; };
/* End PBXBuildFile section */

/* Begin PBXCopyFilesBuildPhase section */
		31C49DF01E3F931B009EF85C /* CopyFiles */ = {
			isa = PBXCopyFilesBuildPhase;
			buildActionMask = 2147483647;
			dstPath = /usr/share/man/man1/;
			dstSubfolderSpec = 0;
			files = (
			);
			runOnlyForDeploymentPostprocessing = 1;
		};
/* End PBXCopyFilesBuildPhase section */

/* Begin PBXFileReference section */
		1B245E18231BEB260091726B /* 28Math.swift */ = {isa = PBXFileReference; lastKnownFileType = sourcecode.swift; path = 28Math.swift; sourceTree = "<group>"; };
		2EFCE6D8192079F14BD30CEE /* swift5.swift */ = {isa = PBXFileReference; fileEncoding = 4; lastKnownFileType = sourcecode.swift; path = swift5.swift; sourceTree = "<group>"; };
		310409361FDEB213008FB0C1 /* GCDBySwift.swift */ = {isa = PBXFileReference; lastKnownFileType = sourcecode.swift; path = GCDBySwift.swift; sourceTree = "<group>"; };
		31116B711E90E7480011DC3A /* 14Initialization.swift */ = {isa = PBXFileReference; fileEncoding = 4; lastKnownFileType = sourcecode.swift; path = 14Initialization.swift; sourceTree = "<group>"; };
		31116B731E9101D90011DC3A /* 15Deinitialization.swift */ = {isa = PBXFileReference; fileEncoding = 4; lastKnownFileType = sourcecode.swift; path = 15Deinitialization.swift; sourceTree = "<group>"; };
		31116B751E91027C0011DC3A /* 16AutomaticReferenceCounting.swift */ = {isa = PBXFileReference; fileEncoding = 4; lastKnownFileType = sourcecode.swift; path = 16AutomaticReferenceCounting.swift; sourceTree = "<group>"; };
		311DBCBB1E8BE8FF00EF9732 /* 09ClassAndStruct.swift */ = {isa = PBXFileReference; fileEncoding = 4; lastKnownFileType = sourcecode.swift; path = 09ClassAndStruct.swift; sourceTree = "<group>"; };
		311DBCBD1E8BEBC800EF9732 /* 10Properties.swift */ = {isa = PBXFileReference; fileEncoding = 4; lastKnownFileType = sourcecode.swift; path = 10Properties.swift; sourceTree = "<group>"; };
		311DBCBF1E8C87F700EF9732 /* 11Methods.swift */ = {isa = PBXFileReference; fileEncoding = 4; lastKnownFileType = sourcecode.swift; path = 11Methods.swift; sourceTree = "<group>"; };
		31252EE21E6DA5F4009E362B /* 04CollectionTypes.swift */ = {isa = PBXFileReference; fileEncoding = 4; lastKnownFileType = sourcecode.swift; path = 04CollectionTypes.swift; sourceTree = "<group>"; xcLanguageSpecificationIdentifier = xcode.lang.swift; };
		31468DE41E91102000E7B40C /* 17OptionalChaining.swift */ = {isa = PBXFileReference; fileEncoding = 4; lastKnownFileType = sourcecode.swift; path = 17OptionalChaining.swift; sourceTree = "<group>"; };
		31468DE61E93E92300E7B40C /* 18ErrorHandling.swift */ = {isa = PBXFileReference; fileEncoding = 4; lastKnownFileType = sourcecode.swift; path = 18ErrorHandling.swift; sourceTree = "<group>"; };
		31468DE81E94787700E7B40C /* 19TypeCasting.swift */ = {isa = PBXFileReference; fileEncoding = 4; lastKnownFileType = sourcecode.swift; path = 19TypeCasting.swift; sourceTree = "<group>"; };
		31468DEA1E947F7A00E7B40C /* 20NestedTypes.swift */ = {isa = PBXFileReference; fileEncoding = 4; lastKnownFileType = sourcecode.swift; path = 20NestedTypes.swift; sourceTree = "<group>"; };
		31468DEC1E9480E100E7B40C /* 21Extensions.swift */ = {isa = PBXFileReference; fileEncoding = 4; lastKnownFileType = sourcecode.swift; path = 21Extensions.swift; sourceTree = "<group>"; };
		31468DEE1E94886300E7B40C /* 22Protocols.swift */ = {isa = PBXFileReference; fileEncoding = 4; lastKnownFileType = sourcecode.swift; path = 22Protocols.swift; sourceTree = "<group>"; };
		31468DF01E95045600E7B40C /* 23Generics.swift */ = {isa = PBXFileReference; fileEncoding = 4; lastKnownFileType = sourcecode.swift; path = 23Generics.swift; sourceTree = "<group>"; };
		31468DF21E951C7100E7B40C /* 24AccessControl.swift */ = {isa = PBXFileReference; fileEncoding = 4; lastKnownFileType = sourcecode.swift; path = 24AccessControl.swift; sourceTree = "<group>"; };
		31468DF41E95C7B400E7B40C /* 25AdvancedOperators.swift */ = {isa = PBXFileReference; fileEncoding = 4; lastKnownFileType = sourcecode.swift; path = 25AdvancedOperators.swift; sourceTree = "<group>"; };
		3155F3201FEB8B90008DA10F /* SequenceAdvance.swift */ = {isa = PBXFileReference; lastKnownFileType = sourcecode.swift; path = SequenceAdvance.swift; sourceTree = "<group>"; };
		3155F3221FF266C5008DA10F /* OptionalAdvance.swift */ = {isa = PBXFileReference; lastKnownFileType = sourcecode.swift; path = OptionalAdvance.swift; sourceTree = "<group>"; };
		3157480A1E8DDBB2008FF38E /* 12Subscripts.swift */ = {isa = PBXFileReference; fileEncoding = 4; lastKnownFileType = sourcecode.swift; path = 12Subscripts.swift; sourceTree = "<group>"; };
		316678151E87B4F0004B899B /* 08Enumerations.swift */ = {isa = PBXFileReference; fileEncoding = 4; lastKnownFileType = sourcecode.swift; path = 08Enumerations.swift; sourceTree = "<group>"; };
		3182F40C1E7B630600EC33B2 /* 07Closures.swift */ = {isa = PBXFileReference; fileEncoding = 4; lastKnownFileType = sourcecode.swift; path = 07Closures.swift; sourceTree = "<group>"; };
		318747441E6E388300729D7A /* 05ControlFlow.swift */ = {isa = PBXFileReference; fileEncoding = 4; lastKnownFileType = sourcecode.swift; path = 05ControlFlow.swift; sourceTree = "<group>"; };
		31972C941E776D3A00AABEDB /* 06Functions.swift */ = {isa = PBXFileReference; fileEncoding = 4; lastKnownFileType = sourcecode.swift; path = 06Functions.swift; sourceTree = "<group>"; };
		31B6F2ED211BDDBB00899A9A /* StructClassAdvance.swift */ = {isa = PBXFileReference; lastKnownFileType = sourcecode.swift; path = StructClassAdvance.swift; sourceTree = "<group>"; };
		31B6F2EF211C0D1F00899A9A /* CodableAdvance.swift */ = {isa = PBXFileReference; lastKnownFileType = sourcecode.swift; path = CodableAdvance.swift; sourceTree = "<group>"; };
		31B6F2F1211C172000899A9A /* FuncAdvance.swift */ = {isa = PBXFileReference; lastKnownFileType = sourcecode.swift; path = FuncAdvance.swift; sourceTree = "<group>"; };
		31B6F2F3211C346300899A9A /* 27CollectionLazy.swift */ = {isa = PBXFileReference; lastKnownFileType = sourcecode.swift; path = 27CollectionLazy.swift; sourceTree = "<group>"; };
		31B6F2F5211C35BB00899A9A /* StringAdvance.swift */ = {isa = PBXFileReference; lastKnownFileType = sourcecode.swift; path = StringAdvance.swift; sourceTree = "<group>"; };
		31C49DF21E3F931B009EF85C /* SwiftTutorial */ = {isa = PBXFileReference; explicitFileType = "compiled.mach-o.executable"; includeInIndex = 0; path = SwiftTutorial; sourceTree = BUILT_PRODUCTS_DIR; };
		31C49DF51E3F931B009EF85C /* main.swift */ = {isa = PBXFileReference; lastKnownFileType = sourcecode.swift; path = main.swift; sourceTree = "<group>"; };
		31C49DFC1E3F984C009EF85C /* 01Basics.swift */ = {isa = PBXFileReference; fileEncoding = 4; lastKnownFileType = sourcecode.swift; path = 01Basics.swift; sourceTree = "<group>"; };
		31C49DFE1E40F510009EF85C /* 02BasicOperators.swift */ = {isa = PBXFileReference; fileEncoding = 4; lastKnownFileType = sourcecode.swift; path = 02BasicOperators.swift; sourceTree = "<group>"; };
		31C49E001E40FA80009EF85C /* 03StringsAndCharacters.swift */ = {isa = PBXFileReference; fileEncoding = 4; lastKnownFileType = sourcecode.swift; path = 03StringsAndCharacters.swift; sourceTree = "<group>"; };
		31DD5B0A1E8DDE8600A720EF /* 13Inheritence.swift */ = {isa = PBXFileReference; fileEncoding = 4; lastKnownFileType = sourcecode.swift; path = 13Inheritence.swift; sourceTree = "<group>"; };
		31E8118B1EC4459E00930169 /* 26GuardTest.swift */ = {isa = PBXFileReference; fileEncoding = 4; lastKnownFileType = sourcecode.swift; path = 26GuardTest.swift; sourceTree = "<group>"; };
		31FEC0441FEA4DD000F715AA /* CollectionAdvance.swift */ = {isa = PBXFileReference; lastKnownFileType = sourcecode.swift; path = CollectionAdvance.swift; sourceTree = "<group>"; };
		51C5397C2316700100438091 /* ClassMemeryTest.swift */ = {isa = PBXFileReference; lastKnownFileType = sourcecode.swift; path = ClassMemeryTest.swift; sourceTree = "<group>"; };
		51E22C6B2254D262001DA591 /* MyPlayground.playground */ = {isa = PBXFileReference; lastKnownFileType = file.playground; path = MyPlayground.playground; sourceTree = "<group>"; xcLanguageSpecificationIdentifier = xcode.lang.swift; };
		51E22C6C2254D5C5001DA591 /* README.md */ = {isa = PBXFileReference; lastKnownFileType = net.daringfireball.markdown; path = README.md; sourceTree = "<group>"; };
/* End PBXFileReference section */

/* Begin PBXFrameworksBuildPhase section */
		31C49DEF1E3F931B009EF85C /* Frameworks */ = {
			isa = PBXFrameworksBuildPhase;
			buildActionMask = 2147483647;
			files = (
			);
			runOnlyForDeploymentPostprocessing = 0;
		};
/* End PBXFrameworksBuildPhase section */

/* Begin PBXGroup section */
		2EFCE41C5B19B40E49D2940A /* Swift5 */ = {
			isa = PBXGroup;
			children = (
				2EFCE6D8192079F14BD30CEE /* swift5.swift */,
			);
			path = Swift5;
			sourceTree = "<group>";
		};
		310409351FDEB1E8008FB0C1 /* GCD */ = {
			isa = PBXGroup;
			children = (
				310409361FDEB213008FB0C1 /* GCDBySwift.swift */,
			);
			path = GCD;
			sourceTree = "<group>";
		};
		318F2AD11FD5327000FB6126 /* InterOperateCWithSwift */ = {
			isa = PBXGroup;
			children = (
			);
			path = InterOperateCWithSwift;
			sourceTree = "<group>";
		};
		31C49DE91E3F931B009EF85C = {
			isa = PBXGroup;
			children = (
				51C5397B23166FC400438091 /* MemeryStruct */,
				51E22C6C2254D5C5001DA591 /* README.md */,
				51E22C6B2254D262001DA591 /* MyPlayground.playground */,
				31FEC0431FEA4D6B00F715AA /* AdvancedSwift */,
				310409351FDEB1E8008FB0C1 /* GCD */,
				318F2AD11FD5327000FB6126 /* InterOperateCWithSwift */,
				1B245E18231BEB260091726B /* 28Math.swift */,
				31B6F2F3211C346300899A9A /* 27CollectionLazy.swift */,
				31E8118B1EC4459E00930169 /* 26GuardTest.swift */,
				31468DF41E95C7B400E7B40C /* 25AdvancedOperators.swift */,
				31468DF21E951C7100E7B40C /* 24AccessControl.swift */,
				31468DF01E95045600E7B40C /* 23Generics.swift */,
				31468DEE1E94886300E7B40C /* 22Protocols.swift */,
				31468DEC1E9480E100E7B40C /* 21Extensions.swift */,
				31468DEA1E947F7A00E7B40C /* 20NestedTypes.swift */,
				31468DE81E94787700E7B40C /* 19TypeCasting.swift */,
				31468DE61E93E92300E7B40C /* 18ErrorHandling.swift */,
				31468DE41E91102000E7B40C /* 17OptionalChaining.swift */,
				31116B751E91027C0011DC3A /* 16AutomaticReferenceCounting.swift */,
				31116B731E9101D90011DC3A /* 15Deinitialization.swift */,
				31116B711E90E7480011DC3A /* 14Initialization.swift */,
				31DD5B0A1E8DDE8600A720EF /* 13Inheritence.swift */,
				3157480A1E8DDBB2008FF38E /* 12Subscripts.swift */,
				311DBCBF1E8C87F700EF9732 /* 11Methods.swift */,
				311DBCBD1E8BEBC800EF9732 /* 10Properties.swift */,
				311DBCBB1E8BE8FF00EF9732 /* 09ClassAndStruct.swift */,
				316678151E87B4F0004B899B /* 08Enumerations.swift */,
				3182F40C1E7B630600EC33B2 /* 07Closures.swift */,
				31972C941E776D3A00AABEDB /* 06Functions.swift */,
				318747441E6E388300729D7A /* 05ControlFlow.swift */,
				31252EE21E6DA5F4009E362B /* 04CollectionTypes.swift */,
				31C49E001E40FA80009EF85C /* 03StringsAndCharacters.swift */,
				31C49DFE1E40F510009EF85C /* 02BasicOperators.swift */,
				31C49DFC1E3F984C009EF85C /* 01Basics.swift */,
				31C49DF41E3F931B009EF85C /* Swift3Tutorial */,
				31C49DF31E3F931B009EF85C /* Products */,
				2EFCE41C5B19B40E49D2940A /* Swift5 */,
			);
			sourceTree = "<group>";
		};
		31C49DF31E3F931B009EF85C /* Products */ = {
			isa = PBXGroup;
			children = (
				31C49DF21E3F931B009EF85C /* SwiftTutorial */,
			);
			name = Products;
			sourceTree = "<group>";
		};
		31C49DF41E3F931B009EF85C /* Swift3Tutorial */ = {
			isa = PBXGroup;
			children = (
				31C49DF51E3F931B009EF85C /* main.swift */,
			);
			path = Swift3Tutorial;
			sourceTree = "<group>";
		};
		31FEC0431FEA4D6B00F715AA /* AdvancedSwift */ = {
			isa = PBXGroup;
			children = (
				31FEC0441FEA4DD000F715AA /* CollectionAdvance.swift */,
				3155F3201FEB8B90008DA10F /* SequenceAdvance.swift */,
				3155F3221FF266C5008DA10F /* OptionalAdvance.swift */,
				31B6F2ED211BDDBB00899A9A /* StructClassAdvance.swift */,
				31B6F2EF211C0D1F00899A9A /* CodableAdvance.swift */,
				31B6F2F1211C172000899A9A /* FuncAdvance.swift */,
				31B6F2F5211C35BB00899A9A /* StringAdvance.swift */,
			);
			path = AdvancedSwift;
			sourceTree = "<group>";
		};
		51C5397B23166FC400438091 /* MemeryStruct */ = {
			isa = PBXGroup;
			children = (
				51C5397C2316700100438091 /* ClassMemeryTest.swift */,
			);
			path = MemeryStruct;
			sourceTree = "<group>";
		};
/* End PBXGroup section */

/* Begin PBXNativeTarget section */
		31C49DF11E3F931B009EF85C /* SwiftTutorial */ = {
			isa = PBXNativeTarget;
			buildConfigurationList = 31C49DF91E3F931B009EF85C /* Build configuration list for PBXNativeTarget "SwiftTutorial" */;
			buildPhases = (
				31C49DEE1E3F931B009EF85C /* Sources */,
				31C49DEF1E3F931B009EF85C /* Frameworks */,
				31C49DF01E3F931B009EF85C /* CopyFiles */,
			);
			buildRules = (
			);
			dependencies = (
			);
			name = SwiftTutorial;
			productName = Swift3Tutorial;
			productReference = 31C49DF21E3F931B009EF85C /* SwiftTutorial */;
			productType = "com.apple.product-type.tool";
		};
/* End PBXNativeTarget section */

/* Begin PBXProject section */
		31C49DEA1E3F931B009EF85C /* Project object */ = {
			isa = PBXProject;
			attributes = {
				LastSwiftUpdateCheck = 0820;
				LastUpgradeCheck = 1020;
				ORGANIZATIONNAME = daoquan;
				TargetAttributes = {
					31C49DF11E3F931B009EF85C = {
						CreatedOnToolsVersion = 8.2.1;
						LastSwiftMigration = 1020;
						ProvisioningStyle = Automatic;
					};
				};
			};
			buildConfigurationList = 31C49DED1E3F931B009EF85C /* Build configuration list for PBXProject "SwiftTutorial" */;
			compatibilityVersion = "Xcode 3.2";
			developmentRegion = English;
			hasScannedForEncodings = 0;
			knownRegions = (
				English,
				en,
			);
			mainGroup = 31C49DE91E3F931B009EF85C;
			productRefGroup = 31C49DF31E3F931B009EF85C /* Products */;
			projectDirPath = "";
			projectRoot = "";
			targets = (
				31C49DF11E3F931B009EF85C /* SwiftTutorial */,
			);
		};
/* End PBXProject section */

/* Begin PBXSourcesBuildPhase section */
		31C49DEE1E3F931B009EF85C /* Sources */ = {
			isa = PBXSourcesBuildPhase;
			buildActionMask = 2147483647;
			files = (
				31B6F2F4211C346300899A9A /* 27CollectionLazy.swift in Sources */,
				1B245E19231BEB260091726B /* 28Math.swift in Sources */,
				31B6F2EE211BDDBB00899A9A /* StructClassAdvance.swift in Sources */,
				31468DF11E95045600E7B40C /* 23Generics.swift in Sources */,
				310409371FDEB213008FB0C1 /* GCDBySwift.swift in Sources */,
				31252EE31E6DA5F4009E362B /* 04CollectionTypes.swift in Sources */,
				3155F3231FF266C5008DA10F /* OptionalAdvance.swift in Sources */,
				31972C951E776D3A00AABEDB /* 06Functions.swift in Sources */,
				31468DED1E9480E100E7B40C /* 21Extensions.swift in Sources */,
				31B6F2F0211C0D1F00899A9A /* CodableAdvance.swift in Sources */,
				3182F40D1E7B630600EC33B2 /* 07Closures.swift in Sources */,
				31C49DFD1E3F984C009EF85C /* 01Basics.swift in Sources */,
				31B6F2F6211C35BB00899A9A /* StringAdvance.swift in Sources */,
				3155F3211FEB8B90008DA10F /* SequenceAdvance.swift in Sources */,
				31468DF31E951C7100E7B40C /* 24AccessControl.swift in Sources */,
				31468DE71E93E92300E7B40C /* 18ErrorHandling.swift in Sources */,
				31FEC0451FEA4DD000F715AA /* CollectionAdvance.swift in Sources */,
				311DBCC01E8C87F700EF9732 /* 11Methods.swift in Sources */,
				311DBCBC1E8BE8FF00EF9732 /* 09ClassAndStruct.swift in Sources */,
				31468DF51E95C7B400E7B40C /* 25AdvancedOperators.swift in Sources */,
				31116B721E90E7480011DC3A /* 14Initialization.swift in Sources */,
				318747451E6E388300729D7A /* 05ControlFlow.swift in Sources */,
				311DBCBE1E8BEBC800EF9732 /* 10Properties.swift in Sources */,
				31468DEB1E947F7A00E7B40C /* 20NestedTypes.swift in Sources */,
				31C49DF61E3F931B009EF85C /* main.swift in Sources */,
				31468DE91E94787700E7B40C /* 19TypeCasting.swift in Sources */,
				31468DEF1E94886300E7B40C /* 22Protocols.swift in Sources */,
				31116B741E9101D90011DC3A /* 15Deinitialization.swift in Sources */,
				31C49DFF1E40F510009EF85C /* 02BasicOperators.swift in Sources */,
				31468DE51E91102000E7B40C /* 17OptionalChaining.swift in Sources */,
				31E8118C1EC4459E00930169 /* 26GuardTest.swift in Sources */,
				31B6F2F2211C172000899A9A /* FuncAdvance.swift in Sources */,
				31DD5B0B1E8DDE8700A720EF /* 13Inheritence.swift in Sources */,
				3157480B1E8DDBB2008FF38E /* 12Subscripts.swift in Sources */,
				31116B761E91027C0011DC3A /* 16AutomaticReferenceCounting.swift in Sources */,
				51C5397D2316700200438091 /* ClassMemeryTest.swift in Sources */,
				31C49E011E40FA80009EF85C /* 03StringsAndCharacters.swift in Sources */,
				316678161E87B4F0004B899B /* 08Enumerations.swift in Sources */,
				2EFCE8838122E95143E8A08D /* swift5.swift in Sources */,
			);
			runOnlyForDeploymentPostprocessing = 0;
		};
/* End PBXSourcesBuildPhase section */

/* Begin XCBuildConfiguration section */
		31C49DF71E3F931B009EF85C /* Debug */ = {
			isa = XCBuildConfiguration;
			buildSettings = {
				ALWAYS_SEARCH_USER_PATHS = NO;
				CLANG_ANALYZER_LOCALIZABILITY_NONLOCALIZED = YES;
				CLANG_ANALYZER_NONNULL = YES;
				CLANG_CXX_LANGUAGE_STANDARD = "gnu++0x";
				CLANG_CXX_LIBRARY = "libc++";
				CLANG_ENABLE_MODULES = YES;
				CLANG_ENABLE_OBJC_ARC = YES;
				CLANG_WARN_BLOCK_CAPTURE_AUTORELEASING = YES;
				CLANG_WARN_BOOL_CONVERSION = YES;
				CLANG_WARN_COMMA = YES;
				CLANG_WARN_CONSTANT_CONVERSION = YES;
				CLANG_WARN_DEPRECATED_OBJC_IMPLEMENTATIONS = YES;
				CLANG_WARN_DIRECT_OBJC_ISA_USAGE = YES_ERROR;
				CLANG_WARN_DOCUMENTATION_COMMENTS = YES;
				CLANG_WARN_EMPTY_BODY = YES;
				CLANG_WARN_ENUM_CONVERSION = YES;
				CLANG_WARN_INFINITE_RECURSION = YES;
				CLANG_WARN_INT_CONVERSION = YES;
				CLANG_WARN_NON_LITERAL_NULL_CONVERSION = YES;
				CLANG_WARN_OBJC_IMPLICIT_RETAIN_SELF = YES;
				CLANG_WARN_OBJC_LITERAL_CONVERSION = YES;
				CLANG_WARN_OBJC_ROOT_CLASS = YES_ERROR;
				CLANG_WARN_RANGE_LOOP_ANALYSIS = YES;
				CLANG_WARN_STRICT_PROTOTYPES = YES;
				CLANG_WARN_SUSPICIOUS_MOVE = YES;
				CLANG_WARN_UNREACHABLE_CODE = YES;
				CLANG_WARN__DUPLICATE_METHOD_MATCH = YES;
				CODE_SIGN_IDENTITY = "-";
				COPY_PHASE_STRIP = NO;
				DEBUG_INFORMATION_FORMAT = dwarf;
				ENABLE_STRICT_OBJC_MSGSEND = YES;
				ENABLE_TESTABILITY = YES;
				GCC_C_LANGUAGE_STANDARD = gnu99;
				GCC_DYNAMIC_NO_PIC = NO;
				GCC_NO_COMMON_BLOCKS = YES;
				GCC_OPTIMIZATION_LEVEL = 0;
				GCC_PREPROCESSOR_DEFINITIONS = (
					"DEBUG=1",
					"$(inherited)",
				);
				GCC_WARN_64_TO_32_BIT_CONVERSION = YES;
				GCC_WARN_ABOUT_RETURN_TYPE = YES_ERROR;
				GCC_WARN_UNDECLARED_SELECTOR = YES;
				GCC_WARN_UNINITIALIZED_AUTOS = YES_AGGRESSIVE;
				GCC_WARN_UNUSED_FUNCTION = YES;
				GCC_WARN_UNUSED_VARIABLE = YES;
				MACOSX_DEPLOYMENT_TARGET = 10.12;
				MTL_ENABLE_DEBUG_INFO = YES;
				ONLY_ACTIVE_ARCH = YES;
				SDKROOT = macosx;
				SWIFT_OPTIMIZATION_LEVEL = "-Onone";
			};
			name = Debug;
		};
		31C49DF81E3F931B009EF85C /* Release */ = {
			isa = XCBuildConfiguration;
			buildSettings = {
				ALWAYS_SEARCH_USER_PATHS = NO;
				CLANG_ANALYZER_LOCALIZABILITY_NONLOCALIZED = YES;
				CLANG_ANALYZER_NONNULL = YES;
				CLANG_CXX_LANGUAGE_STANDARD = "gnu++0x";
				CLANG_CXX_LIBRARY = "libc++";
				CLANG_ENABLE_MODULES = YES;
				CLANG_ENABLE_OBJC_ARC = YES;
				CLANG_WARN_BLOCK_CAPTURE_AUTORELEASING = YES;
				CLANG_WARN_BOOL_CONVERSION = YES;
				CLANG_WARN_COMMA = YES;
				CLANG_WARN_CONSTANT_CONVERSION = YES;
				CLANG_WARN_DEPRECATED_OBJC_IMPLEMENTATIONS = YES;
				CLANG_WARN_DIRECT_OBJC_ISA_USAGE = YES_ERROR;
				CLANG_WARN_DOCUMENTATION_COMMENTS = YES;
				CLANG_WARN_EMPTY_BODY = YES;
				CLANG_WARN_ENUM_CONVERSION = YES;
				CLANG_WARN_INFINITE_RECURSION = YES;
				CLANG_WARN_INT_CONVERSION = YES;
				CLANG_WARN_NON_LITERAL_NULL_CONVERSION = YES;
				CLANG_WARN_OBJC_IMPLICIT_RETAIN_SELF = YES;
				CLANG_WARN_OBJC_LITERAL_CONVERSION = YES;
				CLANG_WARN_OBJC_ROOT_CLASS = YES_ERROR;
				CLANG_WARN_RANGE_LOOP_ANALYSIS = YES;
				CLANG_WARN_STRICT_PROTOTYPES = YES;
				CLANG_WARN_SUSPICIOUS_MOVE = YES;
				CLANG_WARN_UNREACHABLE_CODE = YES;
				CLANG_WARN__DUPLICATE_METHOD_MATCH = YES;
				CODE_SIGN_IDENTITY = "-";
				COPY_PHASE_STRIP = NO;
				DEBUG_INFORMATION_FORMAT = "dwarf-with-dsym";
				ENABLE_NS_ASSERTIONS = NO;
				ENABLE_STRICT_OBJC_MSGSEND = YES;
				GCC_C_LANGUAGE_STANDARD = gnu99;
				GCC_NO_COMMON_BLOCKS = YES;
				GCC_WARN_64_TO_32_BIT_CONVERSION = YES;
				GCC_WARN_ABOUT_RETURN_TYPE = YES_ERROR;
				GCC_WARN_UNDECLARED_SELECTOR = YES;
				GCC_WARN_UNINITIALIZED_AUTOS = YES_AGGRESSIVE;
				GCC_WARN_UNUSED_FUNCTION = YES;
				GCC_WARN_UNUSED_VARIABLE = YES;
				MACOSX_DEPLOYMENT_TARGET = 10.12;
				MTL_ENABLE_DEBUG_INFO = NO;
				SDKROOT = macosx;
				SWIFT_COMPILATION_MODE = wholemodule;
			};
			name = Release;
		};
		31C49DFA1E3F931B009EF85C /* Debug */ = {
			isa = XCBuildConfiguration;
			buildSettings = {
				GCC_WARN_INHIBIT_ALL_WARNINGS = NO;
				PRODUCT_NAME = "$(TARGET_NAME)";
				SWIFT_SUPPRESS_WARNINGS = NO;
				SWIFT_VERSION = 5.0;
			};
			name = Debug;
		};
		31C49DFB1E3F931B009EF85C /* Release */ = {
			isa = XCBuildConfiguration;
			buildSettings = {
				GCC_WARN_INHIBIT_ALL_WARNINGS = NO;
				PRODUCT_NAME = "$(TARGET_NAME)";
				SWIFT_SUPPRESS_WARNINGS = NO;
				SWIFT_VERSION = 5.0;
			};
			name = Release;
		};
/* End XCBuildConfiguration section */

/* Begin XCConfigurationList section */
		31C49DED1E3F931B009EF85C /* Build configuration list for PBXProject "SwiftTutorial" */ = {
			isa = XCConfigurationList;
			buildConfigurations = (
				31C49DF71E3F931B009EF85C /* Debug */,
				31C49DF81E3F931B009EF85C /* Release */,
			);
			defaultConfigurationIsVisible = 0;
			defaultConfigurationName = Release;
		};
		31C49DF91E3F931B009EF85C /* Build configuration list for PBXNativeTarget "SwiftTutorial" */ = {
			isa = XCConfigurationList;
			buildConfigurations = (
				31C49DFA1E3F931B009EF85C /* Debug */,
				31C49DFB1E3F931B009EF85C /* Release */,
			);
			defaultConfigurationIsVisible = 0;
			defaultConfigurationName = Release;
		};
/* End XCConfigurationList section */
	};
	rootObject = 31C49DEA1E3F931B009EF85C /* Project object */;
}
